
Microsoft Visual Studio Solution File, Format Version 12.00
# Visual Studio Version 17
VisualStudioVersion = 17.0.32112.339
MinimumVisualStudioVersion = 10.0.40219.1
Project("{FAE04EC0-301F-11D3-BF4B-00C04F79EFBC}") = "3 3", "3 3\3 3.csproj", "{AFE5CAE2-A0B9-4A33-BD4F-94B221F1861A}"
EndProject
Global
	GlobalSection(SolutionConfigurationPlatforms) = preSolution
		Debug|Any CPU = Debug|Any CPU
		Release|Any CPU = Release|Any CPU
	EndGlobalSection
	GlobalSection(ProjectConfigurationPlatforms) = postSolution
		{AFE5CAE2-A0B9-4A33-BD4F-94B221F1861A}.Debug|Any CPU.ActiveCfg = Debug|Any CPU
		{AFE5CAE2-A0B9-4A33-BD4F-94B221F1861A}.Debug|Any CPU.Build.0 = Debug|Any CPU
		{AFE5CAE2-A0B9-4A33-BD4F-94B221F1861A}.Release|Any CPU.ActiveCfg = Release|Any CPU
		{AFE5CAE2-A0B9-4A33-BD4F-94B221F1861A}.Release|Any CPU.Build.0 = Release|Any CPU
	EndGlobalSection
	GlobalSection(SolutionProperties) = preSolution
		HideSolutionNode = FALSE
	EndGlobalSection
	GlobalSection(ExtensibilityGlobals) = postSolution
		SolutionGuid = {26B23376-18CE-4E48-83B2-6F6620EADBD6}
	EndGlobalSection
EndGlobal
