
Microsoft Visual Studio Solution File, Format Version 12.00
# Visual Studio Version 17
VisualStudioVersion = 17.0.32112.339
MinimumVisualStudioVersion = 10.0.40219.1
Project("{FAE04EC0-301F-11D3-BF4B-00C04F79EFBC}") = "4 4", "4 4\4 4.csproj", "{375E986C-0749-4959-8928-212786D273CC}"
EndProject
Global
	GlobalSection(SolutionConfigurationPlatforms) = preSolution
		Debug|Any CPU = Debug|Any CPU
		Release|Any CPU = Release|Any CPU
	EndGlobalSection
	GlobalSection(ProjectConfigurationPlatforms) = postSolution
		{375E986C-0749-4959-8928-212786D273CC}.Debug|Any CPU.ActiveCfg = Debug|Any CPU
		{375E986C-0749-4959-8928-212786D273CC}.Debug|Any CPU.Build.0 = Debug|Any CPU
		{375E986C-0749-4959-8928-212786D273CC}.Release|Any CPU.ActiveCfg = Release|Any CPU
		{375E986C-0749-4959-8928-212786D273CC}.Release|Any CPU.Build.0 = Release|Any CPU
	EndGlobalSection
	GlobalSection(SolutionProperties) = preSolution
		HideSolutionNode = FALSE
	EndGlobalSection
	GlobalSection(ExtensibilityGlobals) = postSolution
		SolutionGuid = {A85B9346-3A8E-42E1-B589-2CD79A297CB7}
	EndGlobalSection
EndGlobal
