
Microsoft Visual Studio Solution File, Format Version 12.00
# Visual Studio Version 17
VisualStudioVersion = 17.0.32112.339
MinimumVisualStudioVersion = 10.0.40219.1
Project("{FAE04EC0-301F-11D3-BF4B-00C04F79EFBC}") = "5 3", "5 3\5 3.csproj", "{4F882B39-0499-479D-9B0E-E1ECC7729AFF}"
EndProject
Global
	GlobalSection(SolutionConfigurationPlatforms) = preSolution
		Debug|Any CPU = Debug|Any CPU
		Release|Any CPU = Release|Any CPU
	EndGlobalSection
	GlobalSection(ProjectConfigurationPlatforms) = postSolution
		{4F882B39-0499-479D-9B0E-E1ECC7729AFF}.Debug|Any CPU.ActiveCfg = Debug|Any CPU
		{4F882B39-0499-479D-9B0E-E1ECC7729AFF}.Debug|Any CPU.Build.0 = Debug|Any CPU
		{4F882B39-0499-479D-9B0E-E1ECC7729AFF}.Release|Any CPU.ActiveCfg = Release|Any CPU
		{4F882B39-0499-479D-9B0E-E1ECC7729AFF}.Release|Any CPU.Build.0 = Release|Any CPU
	EndGlobalSection
	GlobalSection(SolutionProperties) = preSolution
		HideSolutionNode = FALSE
	EndGlobalSection
	GlobalSection(ExtensibilityGlobals) = postSolution
		SolutionGuid = {77930C89-8B18-4838-851C-368D17D03DBE}
	EndGlobalSection
EndGlobal
